
Microsoft Visual Studio Solution File, Format Version 12.00
# Visual Studio Version 16
VisualStudioVersion = 16.0.30320.27
MinimumVisualStudioVersion = 10.0.40219.1
Project("{FAE04EC0-301F-11D3-BF4B-00C04F79EFBC}") = "ToDoApplication", "ToDoApplication\ToDoApplication.csproj", "{7E588E10-CEFC-4071-A256-D6DF1652773D}"
EndProject
Global
	GlobalSection(SolutionConfigurationPlatforms) = preSolution
		Debug|Any CPU = Debug|Any CPU
		Release|Any CPU = Release|Any CPU
	EndGlobalSection
	GlobalSection(ProjectConfigurationPlatforms) = postSolution
		{7E588E10-CEFC-4071-A256-D6DF1652773D}.Debug|Any CPU.ActiveCfg = Debug|Any CPU
		{7E588E10-CEFC-4071-A256-D6DF1652773D}.Debug|Any CPU.Build.0 = Debug|Any CPU
		{7E588E10-CEFC-4071-A256-D6DF1652773D}.Release|Any CPU.ActiveCfg = Release|Any CPU
		{7E588E10-CEFC-4071-A256-D6DF1652773D}.Release|Any CPU.Build.0 = Release|Any CPU
	EndGlobalSection
	GlobalSection(SolutionProperties) = preSolution
		HideSolutionNode = FALSE
	EndGlobalSection
	GlobalSection(ExtensibilityGlobals) = postSolution
		SolutionGuid = {826A9ADF-2C6B-47C2-B2D1-7F8E87E4F3F8}
	EndGlobalSection
EndGlobal
